
Microsoft Visual Studio Solution File, Format Version 12.00
# Visual Studio Version 17
VisualStudioVersion = 17.0.32112.339
MinimumVisualStudioVersion = 10.0.40219.1
Project("{FAE04EC0-301F-11D3-BF4B-00C04F79EFBC}") = "RandomSquare", "RandomSquare\RandomSquare.csproj", "{02C3ED76-8F55-4F8F-80BB-D8EB4955153B}"
EndProject
Global
	GlobalSection(SolutionConfigurationPlatforms) = preSolution
		Debug|Any CPU = Debug|Any CPU
		Release|Any CPU = Release|Any CPU
	EndGlobalSection
	GlobalSection(ProjectConfigurationPlatforms) = postSolution
		{02C3ED76-8F55-4F8F-80BB-D8EB4955153B}.Debug|Any CPU.ActiveCfg = Debug|Any CPU
		{02C3ED76-8F55-4F8F-80BB-D8EB4955153B}.Debug|Any CPU.Build.0 = Debug|Any CPU
		{02C3ED76-8F55-4F8F-80BB-D8EB4955153B}.Release|Any CPU.ActiveCfg = Release|Any CPU
		{02C3ED76-8F55-4F8F-80BB-D8EB4955153B}.Release|Any CPU.Build.0 = Release|Any CPU
	EndGlobalSection
	GlobalSection(SolutionProperties) = preSolution
		HideSolutionNode = FALSE
	EndGlobalSection
	GlobalSection(ExtensibilityGlobals) = postSolution
		SolutionGuid = {3109E61A-899E-44AF-A6E1-B8B06EB23D46}
	EndGlobalSection
EndGlobal
